Package	Version
brio	1.1.5
callr	3.8.0
cli	3.6.6
crayon	1.5.3
desc	1.4.3
diffobj	0.3.8
evaluate	1.0.5
fs	2.1.0
glue	1.8.1
jsonlite	2.0.0
lifecycle	1.0.5
magrittr	2.0.5
otel	0.2.0
pkgbuild	1.4.8
pkgload	1.5.3
praise	1.0.0
processx	3.9.0
ps	1.9.3
R6	2.6.1
rlang	1.3.0
rprojroot	2.1.1
RUnit	0.4.33.1
testthat	3.3.2
tinytest	1.4.3
waldo	0.6.2
withr	3.0.3
